
Microsoft Visual Studio Solution File, Format Version 12.00
# Visual Studio Version 16
VisualStudioVersion = 16.0.29920.165
MinimumVisualStudioVersion = 10.0.40219.1
Project("{FAE04EC0-301F-11D3-BF4B-00C04F79EFBC}") = "WebApi", "WebApi\WebApi.csproj", "{8168B219-F72E-41A4-BB11-BD92D0E96EB7}"
EndProject
Project("{FAE04EC0-301F-11D3-BF4B-00C04F79EFBC}") = "OcelotProject", "OcelotProject\OcelotProject.csproj", "{2A1BEBBC-8258-4E63-9A75-2CC6C6CF69F3}"
EndProject
Global
	GlobalSection(SolutionConfigurationPlatforms) = preSolution
		Debug|Any CPU = Debug|Any CPU
		Release|Any CPU = Release|Any CPU
	EndGlobalSection
	GlobalSection(ProjectConfigurationPlatforms) = postSolution
		{8168B219-F72E-41A4-BB11-BD92D0E96EB7}.Debug|Any CPU.ActiveCfg = Debug|Any CPU
		{8168B219-F72E-41A4-BB11-BD92D0E96EB7}.Debug|Any CPU.Build.0 = Debug|Any CPU
		{8168B219-F72E-41A4-BB11-BD92D0E96EB7}.Release|Any CPU.ActiveCfg = Release|Any CPU
		{8168B219-F72E-41A4-BB11-BD92D0E96EB7}.Release|Any CPU.Build.0 = Release|Any CPU
		{2A1BEBBC-8258-4E63-9A75-2CC6C6CF69F3}.Debug|Any CPU.ActiveCfg = Debug|Any CPU
		{2A1BEBBC-8258-4E63-9A75-2CC6C6CF69F3}.Debug|Any CPU.Build.0 = Debug|Any CPU
		{2A1BEBBC-8258-4E63-9A75-2CC6C6CF69F3}.Release|Any CPU.ActiveCfg = Release|Any CPU
		{2A1BEBBC-8258-4E63-9A75-2CC6C6CF69F3}.Release|Any CPU.Build.0 = Release|Any CPU
	EndGlobalSection
	GlobalSection(SolutionProperties) = preSolution
		HideSolutionNode = FALSE
	EndGlobalSection
	GlobalSection(ExtensibilityGlobals) = postSolution
		SolutionGuid = {C1DDE435-164A-4C19-911E-04590B5C0EB3}
	EndGlobalSection
EndGlobal
